
Microsoft Visual Studio Solution File, Format Version 12.00
# Visual Studio Version 16
VisualStudioVersion = 16.0.29009.5
MinimumVisualStudioVersion = 10.0.40219.1
Project("{FAE04EC0-301F-11D3-BF4B-00C04F79EFBC}") = "AmbLib", "AmbLib\AmbLib.csproj", "{459EB893-322D-4097-A950-1A593DACB024}"
EndProject
Project("{FAE04EC0-301F-11D3-BF4B-00C04F79EFBC}") = "AmbLibTest", "AmbLibTest\AmbLibTest.csproj", "{9508DF7F-2009-4E43-A6DB-935E2F6E7B32}"
	ProjectSection(ProjectDependencies) = postProject
		{290AE544-1229-4FE0-9076-4BC82A2F4585} = {290AE544-1229-4FE0-9076-4BC82A2F4585}
	EndProjectSection
EndProject
Project("{FAE04EC0-301F-11D3-BF4B-00C04F79EFBC}") = "AmbLibTestCommandRunner", "AmbLibTestCommandRunner\AmbLibTestCommandRunner.csproj", "{290AE544-1229-4FE0-9076-4BC82A2F4585}"
EndProject
Project("{FAE04EC0-301F-11D3-BF4B-00C04F79EFBC}") = "UnitTestAmbLib", "UnitTestAmbLib\UnitTestAmbLib.csproj", "{38FE0F1D-3D60-46F4-9810-008C528D4B42}"
EndProject
Global
	GlobalSection(SolutionConfigurationPlatforms) = preSolution
		Debug|Any CPU = Debug|Any CPU
		Release|Any CPU = Release|Any CPU
	EndGlobalSection
	GlobalSection(ProjectConfigurationPlatforms) = postSolution
		{459EB893-322D-4097-A950-1A593DACB024}.Debug|Any CPU.ActiveCfg = Debug|Any CPU
		{459EB893-322D-4097-A950-1A593DACB024}.Debug|Any CPU.Build.0 = Debug|Any CPU
		{459EB893-322D-4097-A950-1A593DACB024}.Release|Any CPU.ActiveCfg = Release|Any CPU
		{459EB893-322D-4097-A950-1A593DACB024}.Release|Any CPU.Build.0 = Release|Any CPU
		{9508DF7F-2009-4E43-A6DB-935E2F6E7B32}.Debug|Any CPU.ActiveCfg = Debug|Any CPU
		{9508DF7F-2009-4E43-A6DB-935E2F6E7B32}.Debug|Any CPU.Build.0 = Debug|Any CPU
		{9508DF7F-2009-4E43-A6DB-935E2F6E7B32}.Release|Any CPU.ActiveCfg = Release|Any CPU
		{9508DF7F-2009-4E43-A6DB-935E2F6E7B32}.Release|Any CPU.Build.0 = Release|Any CPU
		{290AE544-1229-4FE0-9076-4BC82A2F4585}.Debug|Any CPU.ActiveCfg = Debug|Any CPU
		{290AE544-1229-4FE0-9076-4BC82A2F4585}.Debug|Any CPU.Build.0 = Debug|Any CPU
		{290AE544-1229-4FE0-9076-4BC82A2F4585}.Release|Any CPU.ActiveCfg = Release|Any CPU
		{290AE544-1229-4FE0-9076-4BC82A2F4585}.Release|Any CPU.Build.0 = Release|Any CPU
		{38FE0F1D-3D60-46F4-9810-008C528D4B42}.Debug|Any CPU.ActiveCfg = Debug|Any CPU
		{38FE0F1D-3D60-46F4-9810-008C528D4B42}.Debug|Any CPU.Build.0 = Debug|Any CPU
		{38FE0F1D-3D60-46F4-9810-008C528D4B42}.Release|Any CPU.ActiveCfg = Release|Any CPU
		{38FE0F1D-3D60-46F4-9810-008C528D4B42}.Release|Any CPU.Build.0 = Release|Any CPU
	EndGlobalSection
	GlobalSection(SolutionProperties) = preSolution
		HideSolutionNode = FALSE
	EndGlobalSection
EndGlobal
